
Microsoft Visual Studio Solution File, Format Version 12.00
# Visual Studio Version 16
VisualStudioVersion = 16.0.30804.86
MinimumVisualStudioVersion = 10.0.40219.1
Project("{FAE04EC0-301F-11D3-BF4B-00C04F79EFBC}") = "HelloWorld-Website", "HelloWorld-Website.csproj", "{6993CAEA-41AA-4828-86CC-2EF8CAC433E2}"
EndProject
Global
	GlobalSection(SolutionConfigurationPlatforms) = preSolution
		Debug|Any CPU = Debug|Any CPU
		Release|Any CPU = Release|Any CPU
	EndGlobalSection
	GlobalSection(ProjectConfigurationPlatforms) = postSolution
		{6993CAEA-41AA-4828-86CC-2EF8CAC433E2}.Debug|Any CPU.ActiveCfg = Debug|Any CPU
		{6993CAEA-41AA-4828-86CC-2EF8CAC433E2}.Debug|Any CPU.Build.0 = Debug|Any CPU
		{6993CAEA-41AA-4828-86CC-2EF8CAC433E2}.Release|Any CPU.ActiveCfg = Release|Any CPU
		{6993CAEA-41AA-4828-86CC-2EF8CAC433E2}.Release|Any CPU.Build.0 = Release|Any CPU
	EndGlobalSection
	GlobalSection(SolutionProperties) = preSolution
		HideSolutionNode = FALSE
	EndGlobalSection
	GlobalSection(ExtensibilityGlobals) = postSolution
		SolutionGuid = {14125441-C20B-4D4E-9BDD-EA9F7660D7A2}
	EndGlobalSection
EndGlobal
